// !$*UTF8*$!
{
	archiveVersion = 1;
	classes = {
	};
	objectVersion = 46;
	objects = {

/* Begin PBXBuildFile section */
		532440231C39649500B498F2 /* main.m in Sources */ = {isa = PBXBuildFile; fileRef = 532440221C39649500B498F2 /* main.m */; };
		532440261C39649500B498F2 /* AppDelegate.m in Sources */ = {isa = PBXBuildFile; fileRef = 532440251C39649500B498F2 /* AppDelegate.m */; };
		532440291C39649500B498F2 /* ViewController.m in Sources */ = {isa = PBXBuildFile; fileRef = 532440281C39649500B498F2 /* ViewController.m */; };
		5324402C1C39649500B498F2 /* Main.storyboard in Resources */ = {isa = PBXBuildFile; fileRef = 5324402A1C39649500B498F2 /* Main.storyboard */; };
		5324402E1C39649500B498F2 /* Assets.xcassets in Resources */ = {isa = PBXBuildFile; fileRef = 5324402D1C39649500B498F2 /* Assets.xcassets */; };
		532440311C39649500B498F2 /* LaunchScreen.storyboard in Resources */ = {isa = PBXBuildFile; fileRef = 5324402F1C39649500B498F2 /* LaunchScreen.storyboard */; };
		5324403C1C39649600B498F2 /* HelloWorldTests.m in Sources */ = {isa = PBXBuildFile; fileRef = 5324403B1C39649600B498F2 /* HelloWorldTests.m */; };
/* End PBXBuildFile section */

/* Begin PBXContainerItemProxy section */
		532440381C39649600B498F2 /* PBXContainerItemProxy */ = {
			isa = PBXContainerItemProxy;
			containerPortal = 532440161C39649500B498F2 /* Project object */;
			proxyType = 1;
			remoteGlobalIDString = 5324401D1C39649500B498F2;
			remoteInfo = HelloWorld;
		};
/* End PBXContainerItemProxy section */

/* Begin PBXFileReference section */
		5324401E1C39649500B498F2 /* HelloWorld.app */ = {isa = PBXFileReference; explicitFileType = wrapper.application; includeInIndex = 0; path = HelloWorld.app; sourceTree = BUILT_PRODUCTS_DIR; };
		532440221C39649500B498F2 /* main.m */ = {isa = PBXFileReference; lastKnownFileType = sourcecode.c.objc; path = main.m; sourceTree = "<group>"; };
		532440241C39649500B498F2 /* AppDelegate.h */ = {isa = PBXFileReference; lastKnownFileType = sourcecode.c.h; path = AppDelegate.h; sourceTree = "<group>"; };
		532440251C39649500B498F2 /* AppDelegate.m */ = {isa = PBXFileReference; lastKnownFileType = sourcecode.c.objc; path = AppDelegate.m; sourceTree = "<group>"; };
		532440271C39649500B498F2 /* ViewController.h */ = {isa = PBXFileReference; lastKnownFileType = sourcecode.c.h; path = ViewController.h; sourceTree = "<group>"; };
		532440281C39649500B498F2 /* ViewController.m */ = {isa = PBXFileReference; lastKnownFileType = sourcecode.c.objc; path = ViewController.m; sourceTree = "<group>"; };
		5324402B1C39649500B498F2 /* Base */ = {isa = PBXFileReference; lastKnownFileType = file.storyboard; name = Base; path = Base.lproj/Main.storyboard; sourceTree = "<group>"; };
		5324402D1C39649500B498F2 /* Assets.xcassets */ = {isa = PBXFileReference; lastKnownFileType = folder.assetcatalog; path = Assets.xcassets; sourceTree = "<group>"; };
		532440301C39649500B498F2 /* Base */ = {isa = PBXFileReference; lastKnownFileType = file.storyboard; name = Base; path = Base.lproj/LaunchScreen.storyboard; sourceTree = "<group>"; };
		532440321C39649600B498F2 /* Info.plist */ = {isa = PBXFileReference; lastKnownFileType = text.plist.xml; path = Info.plist; sourceTree = "<group>"; };
		532440371C39649600B498F2 /* HelloWorldTests.xctest */ = {isa = PBXFileReference; explicitFileType = wrapper.cfbundle; includeInIndex = 0; path = HelloWorldTests.xctest; sourceTree = BUILT_PRODUCTS_DIR; };
		5324403B1C39649600B498F2 /* HelloWorldTests.m */ = {isa = PBXFileReference; lastKnownFileType = sourcecode.c.objc; path = HelloWorldTests.m; sourceTree = "<group>"; };
		5324403D1C39649600B498F2 /* Info.plist */ = {isa = PBXFileReference; lastKnownFileType = text.plist.xml; path = Info.plist; sourceTree = "<group>"; };
/* End PBXFileReference section */

/* Begin PBXFrameworksBuildPhase section */
		5324401B1C39649500B498F2 /* Frameworks */ = {
			isa = PBXFrameworksBuildPhase;
			buildActionMask = 2147483647;
			files = (
			);
			runOnlyForDeploymentPostprocessing = 0;
		};
		532440341C39649600B498F2 /* Frameworks */ = {
			isa = PBXFrameworksBuildPhase;
			buildActionMask = 2147483647;
			files = (
			);
			runOnlyForDeploymentPostprocessing = 0;
		};
/* End PBXFrameworksBuildPhase section */

/* Begin PBXGroup section */
		532440151C39649500B498F2 = {
			isa = PBXGroup;
			children = (
				532440201C39649500B498F2 /* HelloWorld */,
				5324403A1C39649600B498F2 /* HelloWorldTests */,
				5324401F1C39649500B498F2 /* Products */,
			);
			sourceTree = "<group>";
		};
		5324401F1C39649500B498F2 /* Products */ = {
			isa = PBXGroup;
			children = (
				5324401E1C39649500B498F2 /* HelloWorld.app */,
				532440371C39649600B498F2 /* HelloWorldTests.xctest */,
			);
			name = Products;
			sourceTree = "<group>";
		};
		532440201C39649500B498F2 /* HelloWorld */ = {
			isa = PBXGroup;
			children = (
				532440241C39649500B498F2 /* AppDelegate.h */,
				532440251C39649500B498F2 /* AppDelegate.m */,
				532440271C39649500B498F2 /* ViewController.h */,
				532440281C39649500B498F2 /* ViewController.m */,
				5324402A1C39649500B498F2 /* Main.storyboard */,
				5324402D1C39649500B498F2 /* Assets.xcassets */,
				5324402F1C39649500B498F2 /* LaunchScreen.storyboard */,
				532440321C39649600B498F2 /* Info.plist */,
				532440211C39649500B498F2 /* Supporting Files */,
			);
			path = HelloWorld;
			sourceTree = "<group>";
		};
		532440211C39649500B498F2 /* Supporting Files */ = {
			isa = PBXGroup;
			children = (
				532440221C39649500B498F2 /* main.m */,
			);
			name = "Supporting Files";
			sourceTree = "<group>";
		};
		5324403A1C39649600B498F2 /* HelloWorldTests */ = {
			isa = PBXGroup;
			children = (
				5324403B1C39649600B498F2 /* HelloWorldTests.m */,
				5324403D1C39649600B498F2 /* Info.plist */,
			);
			path = HelloWorldTests;
			sourceTree = "<group>";
		};
/* End PBXGroup section */

/* Begin PBXNativeTarget section */
		5324401D1C39649500B498F2 /* HelloWorld */ = {
			isa = PBXNativeTarget;
			buildConfigurationList = 532440401C39649600B498F2 /* Build configuration list for PBXNativeTarget "HelloWorld" */;
			buildPhases = (
				5324401A1C39649500B498F2 /* Sources */,
				5324401B1C39649500B498F2 /* Frameworks */,
				5324401C1C39649500B498F2 /* Resources */,
			);
			buildRules = (
			);
			dependencies = (
			);
			name = HelloWorld;
			productName = HelloWorld;
			productReference = 5324401E1C39649500B498F2 /* HelloWorld.app */;
			productType = "com.apple.product-type.application";
		};
		532440361C39649600B498F2 /* HelloWorldTests */ = {
			isa = PBXNativeTarget;
			buildConfigurationList = 532440431C39649600B498F2 /* Build configuration list for PBXNativeTarget "HelloWorldTests" */;
			buildPhases = (
				532440331C39649600B498F2 /* Sources */,
				532440341C39649600B498F2 /* Frameworks */,
				532440351C39649600B498F2 /* Resources */,
			);
			buildRules = (
			);
			dependencies = (
				532440391C39649600B498F2 /* PBXTargetDependency */,
			);
			name = HelloWorldTests;
			productName = HelloWorldTests;
			productReference = 532440371C39649600B498F2 /* HelloWorldTests.xctest */;
			productType = "com.apple.product-type.bundle.unit-test";
		};
/* End PBXNativeTarget section */

/* Begin PBXProject section */
		532440161C39649500B498F2 /* Project object */ = {
			isa = PBXProject;
			attributes = {
				LastUpgradeCheck = 0720;
				ORGANIZATIONNAME = "Data Empire";
				TargetAttributes = {
					5324401D1C39649500B498F2 = {
						CreatedOnToolsVersion = 7.2;
						DevelopmentTeam = LQ5WW9469F;
					};
					532440361C39649600B498F2 = {
						CreatedOnToolsVersion = 7.2;
						DevelopmentTeam = LQ5WW9469F;
						TestTargetID = 5324401D1C39649500B498F2;
					};
				};
			};
			buildConfigurationList = 532440191C39649500B498F2 /* Build configuration list for PBXProject "HelloWorld" */;
			compatibilityVersion = "Xcode 3.2";
			developmentRegion = English;
			hasScannedForEncodings = 0;
			knownRegions = (
				en,
				Base,
			);
			mainGroup = 532440151C39649500B498F2;
			productRefGroup = 5324401F1C39649500B498F2 /* Products */;
			projectDirPath = "";
			projectRoot = "";
			targets = (
				5324401D1C39649500B498F2 /* HelloWorld */,
				532440361C39649600B498F2 /* HelloWorldTests */,
			);
		};
/* End PBXProject section */

/* Begin PBXResourcesBuildPhase section */
		5324401C1C39649500B498F2 /* Resources */ = {
			isa = PBXResourcesBuildPhase;
			buildActionMask = 2147483647;
			files = (
				532440311C39649500B498F2 /* LaunchScreen.storyboard in Resources */,
				5324402E1C39649500B498F2 /* Assets.xcassets in Resources */,
				5324402C1C39649500B498F2 /* Main.storyboard in Resources */,
			);
			runOnlyForDeploymentPostprocessing = 0;
		};
		532440351C39649600B498F2 /* Resources */ = {
			isa = PBXResourcesBuildPhase;
			buildActionMask = 2147483647;
			files = (
			);
			runOnlyForDeploymentPostprocessing = 0;
		};
/* End PBXResourcesBuildPhase section */

/* Begin PBXSourcesBuildPhase section */
		5324401A1C39649500B498F2 /* Sources */ = {
			isa = PBXSourcesBuildPhase;
			buildActionMask = 2147483647;
			files = (
				532440291C39649500B498F2 /* ViewController.m in Sources */,
				532440261C39649500B498F2 /* AppDelegate.m in Sources */,
				532440231C39649500B498F2 /* main.m in Sources */,
			);
			runOnlyForDeploymentPostprocessing = 0;
		};
		532440331C39649600B498F2 /* Sources */ = {
			isa = PBXSourcesBuildPhase;
			buildActionMask = 2147483647;
			files = (
				5324403C1C39649600B498F2 /* HelloWorldTests.m in Sources */,
			);
			runOnlyForDeploymentPostprocessing = 0;
		};
/* End PBXSourcesBuildPhase section */

/* Begin PBXTargetDependency section */
		532440391C39649600B498F2 /* PBXTargetDependency */ = {
			isa = PBXTargetDependency;
			target = 5324401D1C39649500B498F2 /* HelloWorld */;
			targetProxy = 532440381C39649600B498F2 /* PBXContainerItemProxy */;
		};
/* End PBXTargetDependency section */

/* Begin PBXVariantGroup section */
		5324402A1C39649500B498F2 /* Main.storyboard */ = {
			isa = PBXVariantGroup;
			children = (
				5324402B1C39649500B498F2 /* Base */,
			);
			name = Main.storyboard;
			sourceTree = "<group>";
		};
		5324402F1C39649500B498F2 /* LaunchScreen.storyboard */ = {
			isa = PBXVariantGroup;
			children = (
				532440301C39649500B498F2 /* Base */,
			);
			name = LaunchScreen.storyboard;
			sourceTree = "<group>";
		};
/* End PBXVariantGroup section */

/* Begin XCBuildConfiguration section */
		5324403E1C39649600B498F2 /* Debug */ = {
			isa = XCBuildConfiguration;
			buildSettings = {
				ALWAYS_SEARCH_USER_PATHS = NO;
				CLANG_CXX_LANGUAGE_STANDARD = "gnu++0x";
				CLANG_CXX_LIBRARY = "libc++";
				CLANG_ENABLE_MODULES = YES;
				CLANG_ENABLE_OBJC_ARC = YES;
				CLANG_WARN_BOOL_CONVERSION = YES;
				CLANG_WARN_CONSTANT_CONVERSION = YES;
				CLANG_WARN_DIRECT_OBJC_ISA_USAGE = YES_ERROR;
				CLANG_WARN_EMPTY_BODY = YES;
				CLANG_WARN_ENUM_CONVERSION = YES;
				CLANG_WARN_INT_CONVERSION = YES;
				CLANG_WARN_OBJC_ROOT_CLASS = YES_ERROR;
				CLANG_WARN_UNREACHABLE_CODE = YES;
				CLANG_WARN__DUPLICATE_METHOD_MATCH = YES;
				"CODE_SIGN_IDENTITY[sdk=iphoneos*]" = "iPhone Developer";
				COPY_PHASE_STRIP = NO;
				DEBUG_INFORMATION_FORMAT = dwarf;
				ENABLE_STRICT_OBJC_MSGSEND = YES;
				ENABLE_TESTABILITY = YES;
				GCC_C_LANGUAGE_STANDARD = gnu99;
				GCC_DYNAMIC_NO_PIC = NO;
				GCC_NO_COMMON_BLOCKS = YES;
				GCC_OPTIMIZATION_LEVEL = 0;
				GCC_PREPROCESSOR_DEFINITIONS = (
					"DEBUG=1",
					"$(inherited)",
				);
				GCC_WARN_64_TO_32_BIT_CONVERSION = YES;
				GCC_WARN_ABOUT_RETURN_TYPE = YES_ERROR;
				GCC_WARN_UNDECLARED_SELECTOR = YES;
				GCC_WARN_UNINITIALIZED_AUTOS = YES_AGGRESSIVE;
				GCC_WARN_UNUSED_FUNCTION = YES;
				GCC_WARN_UNUSED_VARIABLE = YES;
				IPHONEOS_DEPLOYMENT_TARGET = 9.2;
				MTL_ENABLE_DEBUG_INFO = YES;
				ONLY_ACTIVE_ARCH = YES;
				SDKROOT = iphoneos;
			};
			name = Debug;
		};
		5324403F1C39649600B498F2 /* Release */ = {
			isa = XCBuildConfiguration;
			buildSettings = {
				ALWAYS_SEARCH_USER_PATHS = NO;
				CLANG_CXX_LANGUAGE_STANDARD = "gnu++0x";
				CLANG_CXX_LIBRARY = "libc++";
				CLANG_ENABLE_MODULES = YES;
				CLANG_ENABLE_OBJC_ARC = YES;
				CLANG_WARN_BOOL_CONVERSION = YES;
				CLANG_WARN_CONSTANT_CONVERSION = YES;
				CLANG_WARN_DIRECT_OBJC_ISA_USAGE = YES_ERROR;
				CLANG_WARN_EMPTY_BODY = YES;
				CLANG_WARN_ENUM_CONVERSION = YES;
				CLANG_WARN_INT_CONVERSION = YES;
				CLANG_WARN_OBJC_ROOT_CLASS = YES_ERROR;
				CLANG_WARN_UNREACHABLE_CODE = YES;
				CLANG_WARN__DUPLICATE_METHOD_MATCH = YES;
				"CODE_SIGN_IDENTITY[sdk=iphoneos*]" = "iPhone Developer";
				COPY_PHASE_STRIP = NO;
				DEBUG_INFORMATION_FORMAT = "dwarf-with-dsym";
				ENABLE_NS_ASSERTIONS = NO;
				ENABLE_STRICT_OBJC_MSGSEND = YES;
				GCC_C_LANGUAGE_STANDARD = gnu99;
				GCC_NO_COMMON_BLOCKS = YES;
				GCC_WARN_64_TO_32_BIT_CONVERSION = YES;
				GCC_WARN_ABOUT_RETURN_TYPE = YES_ERROR;
				GCC_WARN_UNDECLARED_SELECTOR = YES;
				GCC_WARN_UNINITIALIZED_AUTOS = YES_AGGRESSIVE;
				GCC_WARN_UNUSED_FUNCTION = YES;
				GCC_WARN_UNUSED_VARIABLE = YES;
				IPHONEOS_DEPLOYMENT_TARGET = 9.2;
				MTL_ENABLE_DEBUG_INFO = NO;
				SDKROOT = iphoneos;
				VALIDATE_PRODUCT = YES;
			};
			name = Release;
		};
		532440411C39649600B498F2 /* Debug */ = {
			isa = XCBuildConfiguration;
			buildSettings = {
				ASSETCATALOG_COMPILER_APPICON_NAME = AppIcon;
				INFOPLIST_FILE = HelloWorld/Info.plist;
				LD_RUNPATH_SEARCH_PATHS = "$(inherited) @executable_path/Frameworks";
				PRODUCT_BUNDLE_IDENTIFIER = "info.data-empire.HelloWorld";
				PRODUCT_NAME = "$(TARGET_NAME)";
			};
			name = Debug;
		};
		532440421C39649600B498F2 /* Release */ = {
			isa = XCBuildConfiguration;
			buildSettings = {
				ASSETCATALOG_COMPILER_APPICON_NAME = AppIcon;
				INFOPLIST_FILE = HelloWorld/Info.plist;
				LD_RUNPATH_SEARCH_PATHS = "$(inherited) @executable_path/Frameworks";
				PRODUCT_BUNDLE_IDENTIFIER = "info.data-empire.HelloWorld";
				PRODUCT_NAME = "$(TARGET_NAME)";
			};
			name = Release;
		};
		532440441C39649600B498F2 /* Debug */ = {
			isa = XCBuildConfiguration;
			buildSettings = {
				BUNDLE_LOADER = "$(TEST_HOST)";
				INFOPLIST_FILE = HelloWorldTests/Info.plist;
				LD_RUNPATH_SEARCH_PATHS = "$(inherited) @executable_path/Frameworks @loader_path/Frameworks";
				PRODUCT_BUNDLE_IDENTIFIER = "info.data-empire.HelloWorldTests";
				PRODUCT_NAME = "$(TARGET_NAME)";
				TEST_HOST = "$(BUILT_PRODUCTS_DIR)/HelloWorld.app/HelloWorld";
			};
			name = Debug;
		};
		532440451C39649600B498F2 /* Release */ = {
			isa = XCBuildConfiguration;
			buildSettings = {
				BUNDLE_LOADER = "$(TEST_HOST)";
				INFOPLIST_FILE = HelloWorldTests/Info.plist;
				LD_RUNPATH_SEARCH_PATHS = "$(inherited) @executable_path/Frameworks @loader_path/Frameworks";
				PRODUCT_BUNDLE_IDENTIFIER = "info.data-empire.HelloWorldTests";
				PRODUCT_NAME = "$(TARGET_NAME)";
				TEST_HOST = "$(BUILT_PRODUCTS_DIR)/HelloWorld.app/HelloWorld";
			};
			name = Release;
		};
/* End XCBuildConfiguration section */

/* Begin XCConfigurationList section */
		532440191C39649500B498F2 /* Build configuration list for PBXProject "HelloWorld" */ = {
			isa = XCConfigurationList;
			buildConfigurations = (
				5324403E1C39649600B498F2 /* Debug */,
				5324403F1C39649600B498F2 /* Release */,
			);
			defaultConfigurationIsVisible = 0;
			defaultConfigurationName = Release;
		};
		532440401C39649600B498F2 /* Build configuration list for PBXNativeTarget "HelloWorld" */ = {
			isa = XCConfigurationList;
			buildConfigurations = (
				532440411C39649600B498F2 /* Debug */,
				532440421C39649600B498F2 /* Release */,
			);
			defaultConfigurationIsVisible = 0;
		};
		532440431C39649600B498F2 /* Build configuration list for PBXNativeTarget "HelloWorldTests" */ = {
			isa = XCConfigurationList;
			buildConfigurations = (
				532440441C39649600B498F2 /* Debug */,
				532440451C39649600B498F2 /* Release */,
			);
			defaultConfigurationIsVisible = 0;
		};
/* End XCConfigurationList section */
	};
	rootObject = 532440161C39649500B498F2 /* Project object */;
}
